
Microsoft Visual Studio Solution File, Format Version 12.00
# Visual Studio Version 16
VisualStudioVersion = 16.0.31112.23
MinimumVisualStudioVersion = 10.0.40219.1
Project("{2150E333-8FDC-42A3-9474-1A3956D46DE8}") = "001_UserCollections", "001_UserCollections", "{59EFE283-5737-43F3-A4A6-0761CBCABBC3}"
EndProject
Project("{FAE04EC0-301F-11D3-BF4B-00C04F79EFBC}") = "CollectionOfSquaresOfOddNumbers", "001_UserCollections\CollectionOfSquaresOfOddNumbers\CollectionOfSquaresOfOddNumbers.csproj", "{5FFFA380-F1B5-4BCD-8781-412C6DBEA26E}"
EndProject
Project("{FAE04EC0-301F-11D3-BF4B-00C04F79EFBC}") = "CollectionOfMonthes", "001_UserCollections\CollectionOfMonthes\CollectionOfMonthes.csproj", "{4D1F8F88-3A7F-4E1A-87D8-A2A81FC83ECA}"
EndProject
Project("{FAE04EC0-301F-11D3-BF4B-00C04F79EFBC}") = "CollectionOfCitizens", "001_UserCollections\CollectionOfCitizens\CollectionOfCitizens.csproj", "{1CA7D30B-D329-4BB1-BA67-CB7A44F0FC10}"
EndProject
Project("{2150E333-8FDC-42A3-9474-1A3956D46DE8}") = "002_SystemCollections", "002_SystemCollections", "{AC136C42-7ECF-4F45-A19B-EBCDF52E3FD1}"
EndProject
Project("{FAE04EC0-301F-11D3-BF4B-00C04F79EFBC}") = "SortedList", "002_SystemCollections\SortedList\SortedList.csproj", "{B9E2AC8E-0855-4D73-994E-551F82107D9D}"
EndProject
Project("{FAE04EC0-301F-11D3-BF4B-00C04F79EFBC}") = "Shop", "002_SystemCollections\Shop\Shop.csproj", "{81ECE532-9FE0-4C95-9E2E-7874C406DE50}"
EndProject
Project("{FAE04EC0-301F-11D3-BF4B-00C04F79EFBC}") = "CompanyAccount", "002_SystemCollections\CompanyAccount\CompanyAccount.csproj", "{5F0D6E49-7DFF-4FDC-9BB4-441F899DDB92}"
EndProject
Project("{FAE04EC0-301F-11D3-BF4B-00C04F79EFBC}") = "OrderedDictionary", "002_SystemCollections\OrderedDictionary\OrderedDictionary.csproj", "{8F56F34F-DA29-40B5-AD93-7DA1E0C08ACF}"
EndProject
Project("{2150E333-8FDC-42A3-9474-1A3956D46DE8}") = "003_IO", "003_IO", "{73DEF11C-B944-4B5B-AC4B-7EE04327B6AB}"
EndProject
Project("{FAE04EC0-301F-11D3-BF4B-00C04F79EFBC}") = "Create100Folders", "003_IO\Create100Folders\Create100Folders.csproj", "{889EE80F-F840-4854-A293-D432C19F29DE}"
EndProject
Project("{FAE04EC0-301F-11D3-BF4B-00C04F79EFBC}") = "WriteToFileAndReadFromFile", "003_IO\WriteToFileAndReadFromFile\WriteToFileAndReadFromFile.csproj", "{80EB6494-AE32-4011-ACF2-071512A638CC}"
EndProject
Project("{FAE04EC0-301F-11D3-BF4B-00C04F79EFBC}") = "FindFileReadAndCompress", "003_IO\FindFileReadAndCompress\FindFileReadAndCompress.csproj", "{C4E3186A-2D32-482C-BBCD-CB4A741809F2}"
EndProject
Project("{FAE04EC0-301F-11D3-BF4B-00C04F79EFBC}") = "WorkWithIsolateStorageWPF", "003_IO\WorkWithIsolateStorageWPF\WorkWithIsolateStorageWPF.csproj", "{4549F895-DE32-43B0-8034-9C1C401C2844}"
EndProject
Project("{2150E333-8FDC-42A3-9474-1A3956D46DE8}") = "004_RegularExpressions", "004_RegularExpressions", "{8ED857E2-D739-4505-A667-D107F66AEE99}"
EndProject
Project("{FAE04EC0-301F-11D3-BF4B-00C04F79EFBC}") = "LoginPassword", "004_RegularExpressions\LoginPassword\LoginPassword.csproj", "{74EDCEEC-6BCB-4268-91F8-7335FA3994B9}"
EndProject
Project("{FAE04EC0-301F-11D3-BF4B-00C04F79EFBC}") = "ParseWebPage", "004_RegularExpressions\ParseWebPage\ParseWebPage.csproj", "{C70EFC71-662D-4683-88C9-5BF23D02875C}"
EndProject
Project("{FAE04EC0-301F-11D3-BF4B-00C04F79EFBC}") = "Decoder", "004_RegularExpressions\Decoder\Decoder.csproj", "{6EC1BBDC-D8DE-4646-BCA4-4C57CB4F450E}"
EndProject
Project("{FAE04EC0-301F-11D3-BF4B-00C04F79EFBC}") = "Receipt", "004_RegularExpressions\Receipt\Receipt.csproj", "{DCA70D95-0D57-4B05-8C80-CE11DD07226B}"
EndProject
Project("{2150E333-8FDC-42A3-9474-1A3956D46DE8}") = "005_XML", "005_XML", "{082E4D9A-ABB5-4207-B812-28C70EEE06B7}"
EndProject
Project("{FAE04EC0-301F-11D3-BF4B-00C04F79EFBC}") = "TelephoneBook", "005_XML\TelephoneBook\TelephoneBook.csproj", "{3C1C9711-BE69-4368-AFD0-EFE965CDDD26}"
EndProject
Project("{2150E333-8FDC-42A3-9474-1A3956D46DE8}") = "Registry", "Registry", "{18F8EDCD-B0FA-400D-93AE-DB226323E13C}"
EndProject
Project("{FAE04EC0-301F-11D3-BF4B-00C04F79EFBC}") = "AdminApp", "005_XML\Registry\AdminApp\AdminApp.csproj", "{5E638738-0F44-45A0-AF90-2EB72477CA5D}"
EndProject
Project("{FAE04EC0-301F-11D3-BF4B-00C04F79EFBC}") = "ClientApp", "005_XML\Registry\ClientApp\ClientApp.csproj", "{CEF1A6C0-8200-408D-BCC9-AFAE40683455}"
EndProject
Global
	GlobalSection(SolutionConfigurationPlatforms) = preSolution
		Debug|Any CPU = Debug|Any CPU
		Release|Any CPU = Release|Any CPU
	EndGlobalSection
	GlobalSection(ProjectConfigurationPlatforms) = postSolution
		{5FFFA380-F1B5-4BCD-8781-412C6DBEA26E}.Debug|Any CPU.ActiveCfg = Debug|Any CPU
		{5FFFA380-F1B5-4BCD-8781-412C6DBEA26E}.Debug|Any CPU.Build.0 = Debug|Any CPU
		{5FFFA380-F1B5-4BCD-8781-412C6DBEA26E}.Release|Any CPU.ActiveCfg = Release|Any CPU
		{5FFFA380-F1B5-4BCD-8781-412C6DBEA26E}.Release|Any CPU.Build.0 = Release|Any CPU
		{4D1F8F88-3A7F-4E1A-87D8-A2A81FC83ECA}.Debug|Any CPU.ActiveCfg = Debug|Any CPU
		{4D1F8F88-3A7F-4E1A-87D8-A2A81FC83ECA}.Debug|Any CPU.Build.0 = Debug|Any CPU
		{4D1F8F88-3A7F-4E1A-87D8-A2A81FC83ECA}.Release|Any CPU.ActiveCfg = Release|Any CPU
		{4D1F8F88-3A7F-4E1A-87D8-A2A81FC83ECA}.Release|Any CPU.Build.0 = Release|Any CPU
		{1CA7D30B-D329-4BB1-BA67-CB7A44F0FC10}.Debug|Any CPU.ActiveCfg = Debug|Any CPU
		{1CA7D30B-D329-4BB1-BA67-CB7A44F0FC10}.Debug|Any CPU.Build.0 = Debug|Any CPU
		{1CA7D30B-D329-4BB1-BA67-CB7A44F0FC10}.Release|Any CPU.ActiveCfg = Release|Any CPU
		{1CA7D30B-D329-4BB1-BA67-CB7A44F0FC10}.Release|Any CPU.Build.0 = Release|Any CPU
		{B9E2AC8E-0855-4D73-994E-551F82107D9D}.Debug|Any CPU.ActiveCfg = Debug|Any CPU
		{B9E2AC8E-0855-4D73-994E-551F82107D9D}.Debug|Any CPU.Build.0 = Debug|Any CPU
		{B9E2AC8E-0855-4D73-994E-551F82107D9D}.Release|Any CPU.ActiveCfg = Release|Any CPU
		{B9E2AC8E-0855-4D73-994E-551F82107D9D}.Release|Any CPU.Build.0 = Release|Any CPU
		{81ECE532-9FE0-4C95-9E2E-7874C406DE50}.Debug|Any CPU.ActiveCfg = Debug|Any CPU
		{81ECE532-9FE0-4C95-9E2E-7874C406DE50}.Debug|Any CPU.Build.0 = Debug|Any CPU
		{81ECE532-9FE0-4C95-9E2E-7874C406DE50}.Release|Any CPU.ActiveCfg = Release|Any CPU
		{81ECE532-9FE0-4C95-9E2E-7874C406DE50}.Release|Any CPU.Build.0 = Release|Any CPU
		{5F0D6E49-7DFF-4FDC-9BB4-441F899DDB92}.Debug|Any CPU.ActiveCfg = Debug|Any CPU
		{5F0D6E49-7DFF-4FDC-9BB4-441F899DDB92}.Debug|Any CPU.Build.0 = Debug|Any CPU
		{5F0D6E49-7DFF-4FDC-9BB4-441F899DDB92}.Release|Any CPU.ActiveCfg = Release|Any CPU
		{5F0D6E49-7DFF-4FDC-9BB4-441F899DDB92}.Release|Any CPU.Build.0 = Release|Any CPU
		{8F56F34F-DA29-40B5-AD93-7DA1E0C08ACF}.Debug|Any CPU.ActiveCfg = Debug|Any CPU
		{8F56F34F-DA29-40B5-AD93-7DA1E0C08ACF}.Debug|Any CPU.Build.0 = Debug|Any CPU
		{8F56F34F-DA29-40B5-AD93-7DA1E0C08ACF}.Release|Any CPU.ActiveCfg = Release|Any CPU
		{8F56F34F-DA29-40B5-AD93-7DA1E0C08ACF}.Release|Any CPU.Build.0 = Release|Any CPU
		{889EE80F-F840-4854-A293-D432C19F29DE}.Debug|Any CPU.ActiveCfg = Debug|Any CPU
		{889EE80F-F840-4854-A293-D432C19F29DE}.Debug|Any CPU.Build.0 = Debug|Any CPU
		{889EE80F-F840-4854-A293-D432C19F29DE}.Release|Any CPU.ActiveCfg = Release|Any CPU
		{889EE80F-F840-4854-A293-D432C19F29DE}.Release|Any CPU.Build.0 = Release|Any CPU
		{80EB6494-AE32-4011-ACF2-071512A638CC}.Debug|Any CPU.ActiveCfg = Debug|Any CPU
		{80EB6494-AE32-4011-ACF2-071512A638CC}.Debug|Any CPU.Build.0 = Debug|Any CPU
		{80EB6494-AE32-4011-ACF2-071512A638CC}.Release|Any CPU.ActiveCfg = Release|Any CPU
		{80EB6494-AE32-4011-ACF2-071512A638CC}.Release|Any CPU.Build.0 = Release|Any CPU
		{C4E3186A-2D32-482C-BBCD-CB4A741809F2}.Debug|Any CPU.ActiveCfg = Debug|Any CPU
		{C4E3186A-2D32-482C-BBCD-CB4A741809F2}.Debug|Any CPU.Build.0 = Debug|Any CPU
		{C4E3186A-2D32-482C-BBCD-CB4A741809F2}.Release|Any CPU.ActiveCfg = Release|Any CPU
		{C4E3186A-2D32-482C-BBCD-CB4A741809F2}.Release|Any CPU.Build.0 = Release|Any CPU
		{4549F895-DE32-43B0-8034-9C1C401C2844}.Debug|Any CPU.ActiveCfg = Debug|Any CPU
		{4549F895-DE32-43B0-8034-9C1C401C2844}.Debug|Any CPU.Build.0 = Debug|Any CPU
		{4549F895-DE32-43B0-8034-9C1C401C2844}.Release|Any CPU.ActiveCfg = Release|Any CPU
		{4549F895-DE32-43B0-8034-9C1C401C2844}.Release|Any CPU.Build.0 = Release|Any CPU
		{74EDCEEC-6BCB-4268-91F8-7335FA3994B9}.Debug|Any CPU.ActiveCfg = Debug|Any CPU
		{74EDCEEC-6BCB-4268-91F8-7335FA3994B9}.Debug|Any CPU.Build.0 = Debug|Any CPU
		{74EDCEEC-6BCB-4268-91F8-7335FA3994B9}.Release|Any CPU.ActiveCfg = Release|Any CPU
		{74EDCEEC-6BCB-4268-91F8-7335FA3994B9}.Release|Any CPU.Build.0 = Release|Any CPU
		{C70EFC71-662D-4683-88C9-5BF23D02875C}.Debug|Any CPU.ActiveCfg = Debug|Any CPU
		{C70EFC71-662D-4683-88C9-5BF23D02875C}.Debug|Any CPU.Build.0 = Debug|Any CPU
		{C70EFC71-662D-4683-88C9-5BF23D02875C}.Release|Any CPU.ActiveCfg = Release|Any CPU
		{C70EFC71-662D-4683-88C9-5BF23D02875C}.Release|Any CPU.Build.0 = Release|Any CPU
		{6EC1BBDC-D8DE-4646-BCA4-4C57CB4F450E}.Debug|Any CPU.ActiveCfg = Debug|Any CPU
		{6EC1BBDC-D8DE-4646-BCA4-4C57CB4F450E}.Debug|Any CPU.Build.0 = Debug|Any CPU
		{6EC1BBDC-D8DE-4646-BCA4-4C57CB4F450E}.Release|Any CPU.ActiveCfg = Release|Any CPU
		{6EC1BBDC-D8DE-4646-BCA4-4C57CB4F450E}.Release|Any CPU.Build.0 = Release|Any CPU
		{DCA70D95-0D57-4B05-8C80-CE11DD07226B}.Debug|Any CPU.ActiveCfg = Debug|Any CPU
		{DCA70D95-0D57-4B05-8C80-CE11DD07226B}.Debug|Any CPU.Build.0 = Debug|Any CPU
		{DCA70D95-0D57-4B05-8C80-CE11DD07226B}.Release|Any CPU.ActiveCfg = Release|Any CPU
		{DCA70D95-0D57-4B05-8C80-CE11DD07226B}.Release|Any CPU.Build.0 = Release|Any CPU
		{3C1C9711-BE69-4368-AFD0-EFE965CDDD26}.Debug|Any CPU.ActiveCfg = Debug|Any CPU
		{3C1C9711-BE69-4368-AFD0-EFE965CDDD26}.Debug|Any CPU.Build.0 = Debug|Any CPU
		{3C1C9711-BE69-4368-AFD0-EFE965CDDD26}.Release|Any CPU.ActiveCfg = Release|Any CPU
		{3C1C9711-BE69-4368-AFD0-EFE965CDDD26}.Release|Any CPU.Build.0 = Release|Any CPU
		{5E638738-0F44-45A0-AF90-2EB72477CA5D}.Debug|Any CPU.ActiveCfg = Debug|Any CPU
		{5E638738-0F44-45A0-AF90-2EB72477CA5D}.Debug|Any CPU.Build.0 = Debug|Any CPU
		{5E638738-0F44-45A0-AF90-2EB72477CA5D}.Release|Any CPU.ActiveCfg = Release|Any CPU
		{5E638738-0F44-45A0-AF90-2EB72477CA5D}.Release|Any CPU.Build.0 = Release|Any CPU
		{CEF1A6C0-8200-408D-BCC9-AFAE40683455}.Debug|Any CPU.ActiveCfg = Debug|Any CPU
		{CEF1A6C0-8200-408D-BCC9-AFAE40683455}.Debug|Any CPU.Build.0 = Debug|Any CPU
		{CEF1A6C0-8200-408D-BCC9-AFAE40683455}.Release|Any CPU.ActiveCfg = Release|Any CPU
		{CEF1A6C0-8200-408D-BCC9-AFAE40683455}.Release|Any CPU.Build.0 = Release|Any CPU
	EndGlobalSection
	GlobalSection(SolutionProperties) = preSolution
		HideSolutionNode = FALSE
	EndGlobalSection
	GlobalSection(NestedProjects) = preSolution
		{5FFFA380-F1B5-4BCD-8781-412C6DBEA26E} = {59EFE283-5737-43F3-A4A6-0761CBCABBC3}
		{4D1F8F88-3A7F-4E1A-87D8-A2A81FC83ECA} = {59EFE283-5737-43F3-A4A6-0761CBCABBC3}
		{1CA7D30B-D329-4BB1-BA67-CB7A44F0FC10} = {59EFE283-5737-43F3-A4A6-0761CBCABBC3}
		{B9E2AC8E-0855-4D73-994E-551F82107D9D} = {AC136C42-7ECF-4F45-A19B-EBCDF52E3FD1}
		{81ECE532-9FE0-4C95-9E2E-7874C406DE50} = {AC136C42-7ECF-4F45-A19B-EBCDF52E3FD1}
		{5F0D6E49-7DFF-4FDC-9BB4-441F899DDB92} = {AC136C42-7ECF-4F45-A19B-EBCDF52E3FD1}
		{8F56F34F-DA29-40B5-AD93-7DA1E0C08ACF} = {AC136C42-7ECF-4F45-A19B-EBCDF52E3FD1}
		{889EE80F-F840-4854-A293-D432C19F29DE} = {73DEF11C-B944-4B5B-AC4B-7EE04327B6AB}
		{80EB6494-AE32-4011-ACF2-071512A638CC} = {73DEF11C-B944-4B5B-AC4B-7EE04327B6AB}
		{C4E3186A-2D32-482C-BBCD-CB4A741809F2} = {73DEF11C-B944-4B5B-AC4B-7EE04327B6AB}
		{4549F895-DE32-43B0-8034-9C1C401C2844} = {73DEF11C-B944-4B5B-AC4B-7EE04327B6AB}
		{74EDCEEC-6BCB-4268-91F8-7335FA3994B9} = {8ED857E2-D739-4505-A667-D107F66AEE99}
		{C70EFC71-662D-4683-88C9-5BF23D02875C} = {8ED857E2-D739-4505-A667-D107F66AEE99}
		{6EC1BBDC-D8DE-4646-BCA4-4C57CB4F450E} = {8ED857E2-D739-4505-A667-D107F66AEE99}
		{DCA70D95-0D57-4B05-8C80-CE11DD07226B} = {8ED857E2-D739-4505-A667-D107F66AEE99}
		{3C1C9711-BE69-4368-AFD0-EFE965CDDD26} = {082E4D9A-ABB5-4207-B812-28C70EEE06B7}
		{18F8EDCD-B0FA-400D-93AE-DB226323E13C} = {082E4D9A-ABB5-4207-B812-28C70EEE06B7}
		{5E638738-0F44-45A0-AF90-2EB72477CA5D} = {18F8EDCD-B0FA-400D-93AE-DB226323E13C}
		{CEF1A6C0-8200-408D-BCC9-AFAE40683455} = {18F8EDCD-B0FA-400D-93AE-DB226323E13C}
	EndGlobalSection
	GlobalSection(ExtensibilityGlobals) = postSolution
		SolutionGuid = {15D054F4-B21D-48A8-A04B-1F1F377AAC7A}
	EndGlobalSection
EndGlobal
