
Microsoft Visual Studio Solution File, Format Version 12.00
# Visual Studio Version 16
VisualStudioVersion = 16.0.30804.86
MinimumVisualStudioVersion = 10.0.40219.1
Project("{2150E333-8FDC-42A3-9474-1A3956D46DE8}") = "001_Classes", "001_Classes", "{B6E6A486-CCBD-4AC4-B797-8F795FFC5DE4}"
EndProject
Project("{FAE04EC0-301F-11D3-BF4B-00C04F79EFBC}") = "Rectangle", "001_Classes\Rectangle\Rectangle.csproj", "{60014662-0E56-4BFD-9F02-9C1DEE87294A}"
EndProject
Project("{FAE04EC0-301F-11D3-BF4B-00C04F79EFBC}") = "Book", "001_Classes\Book\Book.csproj", "{391EE042-4DB0-44C0-BC29-A9F22163B050}"
EndProject
Project("{FAE04EC0-301F-11D3-BF4B-00C04F79EFBC}") = "Polygon", "001_Classes\Polygon\Polygon.csproj", "{8F776811-0BB1-4AAF-86F4-40DDF4412E2D}"
EndProject
Project("{FAE04EC0-301F-11D3-BF4B-00C04F79EFBC}") = "Address", "001_Classes\Address\Address.csproj", "{C7800389-1E8E-41B0-A542-1FCCF564602D}"
EndProject
Project("{2150E333-8FDC-42A3-9474-1A3956D46DE8}") = "002_Classes", "002_Classes", "{4C9FD22E-A00B-4646-BB4A-978E2DECA6A8}"
EndProject
Project("{FAE04EC0-301F-11D3-BF4B-00C04F79EFBC}") = "User", "002_Classes\User\User.csproj", "{823E835A-A8C2-4310-8E01-0FA0F3F95408}"
EndProject
Project("{2150E333-8FDC-42A3-9474-1A3956D46DE8}") = "Shared", "Shared", "{8EC64030-D205-4AAA-9343-6A093D724068}"
EndProject
Project("{FAE04EC0-301F-11D3-BF4B-00C04F79EFBC}") = "Shared", "Shared\Shared\Shared.csproj", "{01EC4818-0F8A-4895-B8B6-978CF895A4F0}"
EndProject
Project("{FAE04EC0-301F-11D3-BF4B-00C04F79EFBC}") = "CurrencyConverter", "002_Classes\CurrencyConverter\CurrencyConverter.csproj", "{3587F642-7C98-4B5F-9988-52E7DFE8380E}"
EndProject
Project("{FAE04EC0-301F-11D3-BF4B-00C04F79EFBC}") = "SalaryTaxes", "002_Classes\SalaryTaxes\SalaryTaxes.csproj", "{1D1DCBB9-250C-4A5C-A68F-EEDA3B3F2B2B}"
EndProject
Project("{FAE04EC0-301F-11D3-BF4B-00C04F79EFBC}") = "Invoice", "002_Classes\Invoice\Invoice.csproj", "{71A6DCB8-74F0-4BFC-B6FF-C92BDAB1803A}"
EndProject
Project("{FAE04EC0-301F-11D3-BF4B-00C04F79EFBC}") = "Printer", "003_Inheritance\Printer\Printer.csproj", "{FDBD6AD4-B6A7-4FA9-A00E-122C2462DDBF}"
EndProject
Project("{2150E333-8FDC-42A3-9474-1A3956D46DE8}") = "003_Inheritance", "003_Inheritance", "{21DC4FD3-D448-4991-B0E1-42AFA1D8395C}"
EndProject
Project("{FAE04EC0-301F-11D3-BF4B-00C04F79EFBC}") = "Classroom", "003_Inheritance\Classroom\Classroom.csproj", "{9FCDB817-5314-4DD4-BE07-6853DE3A06AC}"
EndProject
Project("{FAE04EC0-301F-11D3-BF4B-00C04F79EFBC}") = "Vehicle", "003_Inheritance\Vehicle\Vehicle.csproj", "{329421D5-DE1A-4F1B-8298-50E8661DDD90}"
EndProject
Project("{FAE04EC0-301F-11D3-BF4B-00C04F79EFBC}") = "DocumentWorker", "003_Inheritance\DocumentWorker\DocumentWorker.csproj", "{263AEFDA-1434-4B07-9D45-69C45D5420DA}"
EndProject
Project("{2150E333-8FDC-42A3-9474-1A3956D46DE8}") = "004_Abstraction", "004_Abstraction", "{FAA97D10-E754-4C10-A3F3-205B55E05303}"
EndProject
Project("{FAE04EC0-301F-11D3-BF4B-00C04F79EFBC}") = "Document", "004_Abstraction\Document\Document.csproj", "{AD4ACDF3-02D3-4995-8C1C-46FC994000CC}"
EndProject
Project("{FAE04EC0-301F-11D3-BF4B-00C04F79EFBC}") = "DocumentHandler", "004_Abstraction\DocumentHandler\DocumentHandler.csproj", "{D087B250-BB52-4865-B83A-BA62FA650DDE}"
EndProject
Project("{FAE04EC0-301F-11D3-BF4B-00C04F79EFBC}") = "Player", "004_Abstraction\Player\Player.csproj", "{09BD2EF7-2799-4B8C-8C91-C8CE9E8A9601}"
EndProject
Project("{2150E333-8FDC-42A3-9474-1A3956D46DE8}") = "005_ArraysAndIndexers", "005_ArraysAndIndexers", "{55D56B2A-7779-44AB-8B36-4F235BACB380}"
EndProject
Project("{FAE04EC0-301F-11D3-BF4B-00C04F79EFBC}") = "LanguageDictionary", "005_ArraysAndIndexers\LanguageDictionary\LanguageDictionary.csproj", "{C0448EB1-28AE-438F-A5FB-97650411486B}"
EndProject
Project("{FAE04EC0-301F-11D3-BF4B-00C04F79EFBC}") = "WorkWithArray", "005_ArraysAndIndexers\WorkWithArray\WorkWithArray.csproj", "{A3B659EE-0757-4B10-827E-051AD52146E8}"
EndProject
Project("{FAE04EC0-301F-11D3-BF4B-00C04F79EFBC}") = "MyMatrix", "005_ArraysAndIndexers\MyMatrix\MyMatrix.csproj", "{C9831803-8E66-4477-B824-1523FF0F51E8}"
EndProject
Project("{FAE04EC0-301F-11D3-BF4B-00C04F79EFBC}") = "StoreIndexer", "005_ArraysAndIndexers\StoreIndexer\StoreIndexer.csproj", "{FAC9D034-52AE-4DB1-BFA0-3043C1C3FB50}"
EndProject
Project("{2150E333-8FDC-42A3-9474-1A3956D46DE8}") = "006_StaticClasses", "006_StaticClasses", "{EA84E8F4-2FD0-4C24-9EC1-52E179B83895}"
EndProject
Project("{FAE04EC0-301F-11D3-BF4B-00C04F79EFBC}") = "Calculator", "006_StaticClasses\Calculator\Calculator.csproj", "{2B1C5F7F-0901-40C6-A78B-4F5929A0D481}"
EndProject
Project("{FAE04EC0-301F-11D3-BF4B-00C04F79EFBC}") = "BubbleSortExtensionMethod", "006_StaticClasses\BubbleSortExtensionMethod\BubbleSortExtensionMethod.csproj", "{96CF8CDF-C110-4795-8860-CE39ABFE3FF7}"
EndProject
Project("{FAE04EC0-301F-11D3-BF4B-00C04F79EFBC}") = "FindAndReplaceManager", "006_StaticClasses\FindAndReplaceManager\FindAndReplaceManager.csproj", "{88349F8F-CA77-4038-8E9D-BF1B166B728D}"
EndProject
Project("{2150E333-8FDC-42A3-9474-1A3956D46DE8}") = "007_Structures", "007_Structures", "{C1DBED00-C6D8-4438-8C3F-096A90D289E3}"
EndProject
Project("{FAE04EC0-301F-11D3-BF4B-00C04F79EFBC}") = "Notebook", "007_Structures\Notebook\Notebook.csproj", "{5B59741A-B2D1-4B59-8A7A-FC2398367FEF}"
EndProject
Project("{FAE04EC0-301F-11D3-BF4B-00C04F79EFBC}") = "Train", "007_Structures\Train\Train.csproj", "{9D4AC32B-61DE-4E2D-B4C7-402BE65C1E53}"
EndProject
Project("{FAE04EC0-301F-11D3-BF4B-00C04F79EFBC}") = "CompareStructAndClass", "007_Structures\CompareStructAndClass\CompareStructAndClass.csproj", "{91636A5D-1230-4778-86D7-8C284B7EF633}"
EndProject
Project("{2150E333-8FDC-42A3-9474-1A3956D46DE8}") = "008_StructuresAndEnums", "008_StructuresAndEnums", "{295A0D05-31C7-4DEF-8185-788F7B770323}"
EndProject
Project("{FAE04EC0-301F-11D3-BF4B-00C04F79EFBC}") = "DaysBeforeBirthday", "008_StructuresAndEnums\DaysBeforeBirthday\DaysBeforeBirthday.csproj", "{A6646F95-9F08-42A4-B05F-2CDB83597202}"
EndProject
Project("{FAE04EC0-301F-11D3-BF4B-00C04F79EFBC}") = "ColourPrinter", "008_StructuresAndEnums\ColourPrinter\ColourPrinter.csproj", "{804137A1-6CF4-4221-9FB9-359E1C023DF7}"
EndProject
Project("{FAE04EC0-301F-11D3-BF4B-00C04F79EFBC}") = "Accauntant", "008_StructuresAndEnums\Accauntant\Accauntant.csproj", "{98D2AF87-8411-4A6B-B7B9-137B6259859A}"
EndProject
Project("{2150E333-8FDC-42A3-9474-1A3956D46DE8}") = "009_Delegates", "009_Delegates", "{328DA1F8-87FF-4455-8DC0-1706A2144661}"
EndProject
Project("{FAE04EC0-301F-11D3-BF4B-00C04F79EFBC}") = "AverageAnonymousFunc", "009_Delegates\AverageAnonymousFunc\AverageAnonymousFunc.csproj", "{8BA7CF19-DA73-4294-B1A2-7E0C0428B1F7}"
EndProject
Project("{FAE04EC0-301F-11D3-BF4B-00C04F79EFBC}") = "ArithmeticOperatorsInAnonymousMethods", "009_Delegates\ArithmeticOperatorsInAnonymousMethods\ArithmeticOperatorsInAnonymousMethods.csproj", "{9BCD106D-3755-4ED7-9156-7E7E71E0B245}"
EndProject
Project("{FAE04EC0-301F-11D3-BF4B-00C04F79EFBC}") = "DelegatesArray", "009_Delegates\DelegatesArray\DelegatesArray.csproj", "{01D0D2ED-A54D-4AF4-AB66-D9F0B4447295}"
EndProject
Project("{2150E333-8FDC-42A3-9474-1A3956D46DE8}") = "010_Generics", "010_Generics", "{F36D7474-5EF9-4AB5-8F80-3D46F75109AA}"
EndProject
Project("{FAE04EC0-301F-11D3-BF4B-00C04F79EFBC}") = "FactoryMethodGenerics", "010_Generics\FactoryMethodGenerics\FactoryMethodGenerics.csproj", "{50465409-8CEB-49BA-9698-9E10C6202F04}"
EndProject
Project("{FAE04EC0-301F-11D3-BF4B-00C04F79EFBC}") = "MyList", "010_Generics\MyList\MyList.csproj", "{A17C80DF-278B-4234-8F26-54D00C87DCF7}"
EndProject
Project("{FAE04EC0-301F-11D3-BF4B-00C04F79EFBC}") = "MyDictionary", "010_Generics\MyDictionary\MyDictionary.csproj", "{EF96FF02-86FC-4A33-98F2-3F353BA858EE}"
EndProject
Project("{2150E333-8FDC-42A3-9474-1A3956D46DE8}") = "011_Generics(Constraints)", "011_Generics(Constraints)", "{31CFEC81-7EFB-41B7-B6E0-98F63295FDD9}"
EndProject
Project("{FAE04EC0-301F-11D3-BF4B-00C04F79EFBC}") = "WorkWithArrayList", "011_Generics(Constraints)\WorkWithArrayList\WorkWithArrayList.csproj", "{B794E49A-5C04-4F33-973D-F8E375CCF6B1}"
EndProject
Project("{FAE04EC0-301F-11D3-BF4B-00C04F79EFBC}") = "CarCollection", "011_Generics(Constraints)\CarCollection\CarCollection.csproj", "{82B24A02-A5AE-4980-8FC4-65321FC46607}"
EndProject
Project("{FAE04EC0-301F-11D3-BF4B-00C04F79EFBC}") = "Dictionary", "011_Generics(Constraints)\Dictionary\Dictionary.csproj", "{1534BBE5-EF04-4FC7-A808-61175030054A}"
EndProject
Project("{FAE04EC0-301F-11D3-BF4B-00C04F79EFBC}") = "ArrayList", "011_Generics(Constraints)\ArrayList\ArrayList.csproj", "{D102927E-3D07-4667-B0E3-7FC7A6C90E91}"
EndProject
Project("{2150E333-8FDC-42A3-9474-1A3956D46DE8}") = "012_Events", "012_Events", "{C0F10B85-A079-486E-8EE3-59C338B5ECE0}"
EndProject
Project("{FAE04EC0-301F-11D3-BF4B-00C04F79EFBC}") = "StopwatchMVP", "012_Events\StopwatchMVP\StopwatchMVP.csproj", "{5FE65372-6D91-4F22-BCAA-0D921BEDE591}"
EndProject
Project("{FAE04EC0-301F-11D3-BF4B-00C04F79EFBC}") = "Calculator", "012_Events\Calculator\Calculator.csproj", "{B92EFE29-6DCF-495A-9A13-F90CE15E9273}"
EndProject
Project("{2150E333-8FDC-42A3-9474-1A3956D46DE8}") = "013_Threads", "013_Threads", "{D91A4744-C118-4D8C-B73C-98CCD066C28E}"
EndProject
Project("{FAE04EC0-301F-11D3-BF4B-00C04F79EFBC}") = "RecursiveFunctionThreads", "013_Threads\RecursiveFunctionThreads\RecursiveFunctionThreads.csproj", "{40C6348E-5B30-4E33-B408-E12A6C50363D}"
EndProject
Project("{FAE04EC0-301F-11D3-BF4B-00C04F79EFBC}") = "FallingLetters", "013_Threads\FallingLetters\FallingLetters.csproj", "{43F78884-90CF-4A27-BE88-004DFCA222E7}"
EndProject
Project("{2150E333-8FDC-42A3-9474-1A3956D46DE8}") = "014_Collections", "014_Collections", "{BC2EA836-C52A-4D17-B4CD-1041BF15BE72}"
EndProject
Project("{FAE04EC0-301F-11D3-BF4B-00C04F79EFBC}") = "MyList", "014_Collections\MyList\MyList.csproj", "{780B3310-0AD2-4CA5-915A-2ECC42628244}"
EndProject
Project("{FAE04EC0-301F-11D3-BF4B-00C04F79EFBC}") = "GetEvenNumbers", "014_Collections\GetEvenNumbers\GetEvenNumbers.csproj", "{8E07B268-E21E-4238-A2C2-42FF3235CEB1}"
EndProject
Project("{FAE04EC0-301F-11D3-BF4B-00C04F79EFBC}") = "MyDictionary", "014_Collections\MyDictionary\MyDictionary.csproj", "{64BFA6D1-A66C-4ED1-A93D-EF823990BDDD}"
EndProject
Global
	GlobalSection(SolutionConfigurationPlatforms) = preSolution
		Debug|Any CPU = Debug|Any CPU
		Release|Any CPU = Release|Any CPU
	EndGlobalSection
	GlobalSection(ProjectConfigurationPlatforms) = postSolution
		{60014662-0E56-4BFD-9F02-9C1DEE87294A}.Debug|Any CPU.ActiveCfg = Debug|Any CPU
		{60014662-0E56-4BFD-9F02-9C1DEE87294A}.Debug|Any CPU.Build.0 = Debug|Any CPU
		{60014662-0E56-4BFD-9F02-9C1DEE87294A}.Release|Any CPU.ActiveCfg = Release|Any CPU
		{60014662-0E56-4BFD-9F02-9C1DEE87294A}.Release|Any CPU.Build.0 = Release|Any CPU
		{391EE042-4DB0-44C0-BC29-A9F22163B050}.Debug|Any CPU.ActiveCfg = Debug|Any CPU
		{391EE042-4DB0-44C0-BC29-A9F22163B050}.Debug|Any CPU.Build.0 = Debug|Any CPU
		{391EE042-4DB0-44C0-BC29-A9F22163B050}.Release|Any CPU.ActiveCfg = Release|Any CPU
		{391EE042-4DB0-44C0-BC29-A9F22163B050}.Release|Any CPU.Build.0 = Release|Any CPU
		{8F776811-0BB1-4AAF-86F4-40DDF4412E2D}.Debug|Any CPU.ActiveCfg = Debug|Any CPU
		{8F776811-0BB1-4AAF-86F4-40DDF4412E2D}.Debug|Any CPU.Build.0 = Debug|Any CPU
		{8F776811-0BB1-4AAF-86F4-40DDF4412E2D}.Release|Any CPU.ActiveCfg = Release|Any CPU
		{8F776811-0BB1-4AAF-86F4-40DDF4412E2D}.Release|Any CPU.Build.0 = Release|Any CPU
		{C7800389-1E8E-41B0-A542-1FCCF564602D}.Debug|Any CPU.ActiveCfg = Debug|Any CPU
		{C7800389-1E8E-41B0-A542-1FCCF564602D}.Debug|Any CPU.Build.0 = Debug|Any CPU
		{C7800389-1E8E-41B0-A542-1FCCF564602D}.Release|Any CPU.ActiveCfg = Release|Any CPU
		{C7800389-1E8E-41B0-A542-1FCCF564602D}.Release|Any CPU.Build.0 = Release|Any CPU
		{823E835A-A8C2-4310-8E01-0FA0F3F95408}.Debug|Any CPU.ActiveCfg = Debug|Any CPU
		{823E835A-A8C2-4310-8E01-0FA0F3F95408}.Debug|Any CPU.Build.0 = Debug|Any CPU
		{823E835A-A8C2-4310-8E01-0FA0F3F95408}.Release|Any CPU.ActiveCfg = Release|Any CPU
		{823E835A-A8C2-4310-8E01-0FA0F3F95408}.Release|Any CPU.Build.0 = Release|Any CPU
		{01EC4818-0F8A-4895-B8B6-978CF895A4F0}.Debug|Any CPU.ActiveCfg = Debug|Any CPU
		{01EC4818-0F8A-4895-B8B6-978CF895A4F0}.Debug|Any CPU.Build.0 = Debug|Any CPU
		{01EC4818-0F8A-4895-B8B6-978CF895A4F0}.Release|Any CPU.ActiveCfg = Release|Any CPU
		{01EC4818-0F8A-4895-B8B6-978CF895A4F0}.Release|Any CPU.Build.0 = Release|Any CPU
		{3587F642-7C98-4B5F-9988-52E7DFE8380E}.Debug|Any CPU.ActiveCfg = Debug|Any CPU
		{3587F642-7C98-4B5F-9988-52E7DFE8380E}.Debug|Any CPU.Build.0 = Debug|Any CPU
		{3587F642-7C98-4B5F-9988-52E7DFE8380E}.Release|Any CPU.ActiveCfg = Release|Any CPU
		{3587F642-7C98-4B5F-9988-52E7DFE8380E}.Release|Any CPU.Build.0 = Release|Any CPU
		{1D1DCBB9-250C-4A5C-A68F-EEDA3B3F2B2B}.Debug|Any CPU.ActiveCfg = Debug|Any CPU
		{1D1DCBB9-250C-4A5C-A68F-EEDA3B3F2B2B}.Debug|Any CPU.Build.0 = Debug|Any CPU
		{1D1DCBB9-250C-4A5C-A68F-EEDA3B3F2B2B}.Release|Any CPU.ActiveCfg = Release|Any CPU
		{1D1DCBB9-250C-4A5C-A68F-EEDA3B3F2B2B}.Release|Any CPU.Build.0 = Release|Any CPU
		{71A6DCB8-74F0-4BFC-B6FF-C92BDAB1803A}.Debug|Any CPU.ActiveCfg = Debug|Any CPU
		{71A6DCB8-74F0-4BFC-B6FF-C92BDAB1803A}.Debug|Any CPU.Build.0 = Debug|Any CPU
		{71A6DCB8-74F0-4BFC-B6FF-C92BDAB1803A}.Release|Any CPU.ActiveCfg = Release|Any CPU
		{71A6DCB8-74F0-4BFC-B6FF-C92BDAB1803A}.Release|Any CPU.Build.0 = Release|Any CPU
		{FDBD6AD4-B6A7-4FA9-A00E-122C2462DDBF}.Debug|Any CPU.ActiveCfg = Debug|Any CPU
		{FDBD6AD4-B6A7-4FA9-A00E-122C2462DDBF}.Debug|Any CPU.Build.0 = Debug|Any CPU
		{FDBD6AD4-B6A7-4FA9-A00E-122C2462DDBF}.Release|Any CPU.ActiveCfg = Release|Any CPU
		{FDBD6AD4-B6A7-4FA9-A00E-122C2462DDBF}.Release|Any CPU.Build.0 = Release|Any CPU
		{9FCDB817-5314-4DD4-BE07-6853DE3A06AC}.Debug|Any CPU.ActiveCfg = Debug|Any CPU
		{9FCDB817-5314-4DD4-BE07-6853DE3A06AC}.Debug|Any CPU.Build.0 = Debug|Any CPU
		{9FCDB817-5314-4DD4-BE07-6853DE3A06AC}.Release|Any CPU.ActiveCfg = Release|Any CPU
		{9FCDB817-5314-4DD4-BE07-6853DE3A06AC}.Release|Any CPU.Build.0 = Release|Any CPU
		{329421D5-DE1A-4F1B-8298-50E8661DDD90}.Debug|Any CPU.ActiveCfg = Debug|Any CPU
		{329421D5-DE1A-4F1B-8298-50E8661DDD90}.Debug|Any CPU.Build.0 = Debug|Any CPU
		{329421D5-DE1A-4F1B-8298-50E8661DDD90}.Release|Any CPU.ActiveCfg = Release|Any CPU
		{329421D5-DE1A-4F1B-8298-50E8661DDD90}.Release|Any CPU.Build.0 = Release|Any CPU
		{263AEFDA-1434-4B07-9D45-69C45D5420DA}.Debug|Any CPU.ActiveCfg = Debug|Any CPU
		{263AEFDA-1434-4B07-9D45-69C45D5420DA}.Debug|Any CPU.Build.0 = Debug|Any CPU
		{263AEFDA-1434-4B07-9D45-69C45D5420DA}.Release|Any CPU.ActiveCfg = Release|Any CPU
		{263AEFDA-1434-4B07-9D45-69C45D5420DA}.Release|Any CPU.Build.0 = Release|Any CPU
		{AD4ACDF3-02D3-4995-8C1C-46FC994000CC}.Debug|Any CPU.ActiveCfg = Debug|Any CPU
		{AD4ACDF3-02D3-4995-8C1C-46FC994000CC}.Debug|Any CPU.Build.0 = Debug|Any CPU
		{AD4ACDF3-02D3-4995-8C1C-46FC994000CC}.Release|Any CPU.ActiveCfg = Release|Any CPU
		{AD4ACDF3-02D3-4995-8C1C-46FC994000CC}.Release|Any CPU.Build.0 = Release|Any CPU
		{D087B250-BB52-4865-B83A-BA62FA650DDE}.Debug|Any CPU.ActiveCfg = Debug|Any CPU
		{D087B250-BB52-4865-B83A-BA62FA650DDE}.Debug|Any CPU.Build.0 = Debug|Any CPU
		{D087B250-BB52-4865-B83A-BA62FA650DDE}.Release|Any CPU.ActiveCfg = Release|Any CPU
		{D087B250-BB52-4865-B83A-BA62FA650DDE}.Release|Any CPU.Build.0 = Release|Any CPU
		{09BD2EF7-2799-4B8C-8C91-C8CE9E8A9601}.Debug|Any CPU.ActiveCfg = Debug|Any CPU
		{09BD2EF7-2799-4B8C-8C91-C8CE9E8A9601}.Debug|Any CPU.Build.0 = Debug|Any CPU
		{09BD2EF7-2799-4B8C-8C91-C8CE9E8A9601}.Release|Any CPU.ActiveCfg = Release|Any CPU
		{09BD2EF7-2799-4B8C-8C91-C8CE9E8A9601}.Release|Any CPU.Build.0 = Release|Any CPU
		{C0448EB1-28AE-438F-A5FB-97650411486B}.Debug|Any CPU.ActiveCfg = Debug|Any CPU
		{C0448EB1-28AE-438F-A5FB-97650411486B}.Debug|Any CPU.Build.0 = Debug|Any CPU
		{C0448EB1-28AE-438F-A5FB-97650411486B}.Release|Any CPU.ActiveCfg = Release|Any CPU
		{C0448EB1-28AE-438F-A5FB-97650411486B}.Release|Any CPU.Build.0 = Release|Any CPU
		{A3B659EE-0757-4B10-827E-051AD52146E8}.Debug|Any CPU.ActiveCfg = Debug|Any CPU
		{A3B659EE-0757-4B10-827E-051AD52146E8}.Debug|Any CPU.Build.0 = Debug|Any CPU
		{A3B659EE-0757-4B10-827E-051AD52146E8}.Release|Any CPU.ActiveCfg = Release|Any CPU
		{A3B659EE-0757-4B10-827E-051AD52146E8}.Release|Any CPU.Build.0 = Release|Any CPU
		{C9831803-8E66-4477-B824-1523FF0F51E8}.Debug|Any CPU.ActiveCfg = Debug|Any CPU
		{C9831803-8E66-4477-B824-1523FF0F51E8}.Debug|Any CPU.Build.0 = Debug|Any CPU
		{C9831803-8E66-4477-B824-1523FF0F51E8}.Release|Any CPU.ActiveCfg = Release|Any CPU
		{C9831803-8E66-4477-B824-1523FF0F51E8}.Release|Any CPU.Build.0 = Release|Any CPU
		{FAC9D034-52AE-4DB1-BFA0-3043C1C3FB50}.Debug|Any CPU.ActiveCfg = Debug|Any CPU
		{FAC9D034-52AE-4DB1-BFA0-3043C1C3FB50}.Debug|Any CPU.Build.0 = Debug|Any CPU
		{FAC9D034-52AE-4DB1-BFA0-3043C1C3FB50}.Release|Any CPU.ActiveCfg = Release|Any CPU
		{FAC9D034-52AE-4DB1-BFA0-3043C1C3FB50}.Release|Any CPU.Build.0 = Release|Any CPU
		{2B1C5F7F-0901-40C6-A78B-4F5929A0D481}.Debug|Any CPU.ActiveCfg = Debug|Any CPU
		{2B1C5F7F-0901-40C6-A78B-4F5929A0D481}.Debug|Any CPU.Build.0 = Debug|Any CPU
		{2B1C5F7F-0901-40C6-A78B-4F5929A0D481}.Release|Any CPU.ActiveCfg = Release|Any CPU
		{2B1C5F7F-0901-40C6-A78B-4F5929A0D481}.Release|Any CPU.Build.0 = Release|Any CPU
		{96CF8CDF-C110-4795-8860-CE39ABFE3FF7}.Debug|Any CPU.ActiveCfg = Debug|Any CPU
		{96CF8CDF-C110-4795-8860-CE39ABFE3FF7}.Debug|Any CPU.Build.0 = Debug|Any CPU
		{96CF8CDF-C110-4795-8860-CE39ABFE3FF7}.Release|Any CPU.ActiveCfg = Release|Any CPU
		{96CF8CDF-C110-4795-8860-CE39ABFE3FF7}.Release|Any CPU.Build.0 = Release|Any CPU
		{88349F8F-CA77-4038-8E9D-BF1B166B728D}.Debug|Any CPU.ActiveCfg = Debug|Any CPU
		{88349F8F-CA77-4038-8E9D-BF1B166B728D}.Debug|Any CPU.Build.0 = Debug|Any CPU
		{88349F8F-CA77-4038-8E9D-BF1B166B728D}.Release|Any CPU.ActiveCfg = Release|Any CPU
		{88349F8F-CA77-4038-8E9D-BF1B166B728D}.Release|Any CPU.Build.0 = Release|Any CPU
		{5B59741A-B2D1-4B59-8A7A-FC2398367FEF}.Debug|Any CPU.ActiveCfg = Debug|Any CPU
		{5B59741A-B2D1-4B59-8A7A-FC2398367FEF}.Debug|Any CPU.Build.0 = Debug|Any CPU
		{5B59741A-B2D1-4B59-8A7A-FC2398367FEF}.Release|Any CPU.ActiveCfg = Release|Any CPU
		{5B59741A-B2D1-4B59-8A7A-FC2398367FEF}.Release|Any CPU.Build.0 = Release|Any CPU
		{9D4AC32B-61DE-4E2D-B4C7-402BE65C1E53}.Debug|Any CPU.ActiveCfg = Debug|Any CPU
		{9D4AC32B-61DE-4E2D-B4C7-402BE65C1E53}.Debug|Any CPU.Build.0 = Debug|Any CPU
		{9D4AC32B-61DE-4E2D-B4C7-402BE65C1E53}.Release|Any CPU.ActiveCfg = Release|Any CPU
		{9D4AC32B-61DE-4E2D-B4C7-402BE65C1E53}.Release|Any CPU.Build.0 = Release|Any CPU
		{91636A5D-1230-4778-86D7-8C284B7EF633}.Debug|Any CPU.ActiveCfg = Debug|Any CPU
		{91636A5D-1230-4778-86D7-8C284B7EF633}.Debug|Any CPU.Build.0 = Debug|Any CPU
		{91636A5D-1230-4778-86D7-8C284B7EF633}.Release|Any CPU.ActiveCfg = Release|Any CPU
		{91636A5D-1230-4778-86D7-8C284B7EF633}.Release|Any CPU.Build.0 = Release|Any CPU
		{A6646F95-9F08-42A4-B05F-2CDB83597202}.Debug|Any CPU.ActiveCfg = Debug|Any CPU
		{A6646F95-9F08-42A4-B05F-2CDB83597202}.Debug|Any CPU.Build.0 = Debug|Any CPU
		{A6646F95-9F08-42A4-B05F-2CDB83597202}.Release|Any CPU.ActiveCfg = Release|Any CPU
		{A6646F95-9F08-42A4-B05F-2CDB83597202}.Release|Any CPU.Build.0 = Release|Any CPU
		{804137A1-6CF4-4221-9FB9-359E1C023DF7}.Debug|Any CPU.ActiveCfg = Debug|Any CPU
		{804137A1-6CF4-4221-9FB9-359E1C023DF7}.Debug|Any CPU.Build.0 = Debug|Any CPU
		{804137A1-6CF4-4221-9FB9-359E1C023DF7}.Release|Any CPU.ActiveCfg = Release|Any CPU
		{804137A1-6CF4-4221-9FB9-359E1C023DF7}.Release|Any CPU.Build.0 = Release|Any CPU
		{98D2AF87-8411-4A6B-B7B9-137B6259859A}.Debug|Any CPU.ActiveCfg = Debug|Any CPU
		{98D2AF87-8411-4A6B-B7B9-137B6259859A}.Debug|Any CPU.Build.0 = Debug|Any CPU
		{98D2AF87-8411-4A6B-B7B9-137B6259859A}.Release|Any CPU.ActiveCfg = Release|Any CPU
		{98D2AF87-8411-4A6B-B7B9-137B6259859A}.Release|Any CPU.Build.0 = Release|Any CPU
		{8BA7CF19-DA73-4294-B1A2-7E0C0428B1F7}.Debug|Any CPU.ActiveCfg = Debug|Any CPU
		{8BA7CF19-DA73-4294-B1A2-7E0C0428B1F7}.Debug|Any CPU.Build.0 = Debug|Any CPU
		{8BA7CF19-DA73-4294-B1A2-7E0C0428B1F7}.Release|Any CPU.ActiveCfg = Release|Any CPU
		{8BA7CF19-DA73-4294-B1A2-7E0C0428B1F7}.Release|Any CPU.Build.0 = Release|Any CPU
		{9BCD106D-3755-4ED7-9156-7E7E71E0B245}.Debug|Any CPU.ActiveCfg = Debug|Any CPU
		{9BCD106D-3755-4ED7-9156-7E7E71E0B245}.Debug|Any CPU.Build.0 = Debug|Any CPU
		{9BCD106D-3755-4ED7-9156-7E7E71E0B245}.Release|Any CPU.ActiveCfg = Release|Any CPU
		{9BCD106D-3755-4ED7-9156-7E7E71E0B245}.Release|Any CPU.Build.0 = Release|Any CPU
		{01D0D2ED-A54D-4AF4-AB66-D9F0B4447295}.Debug|Any CPU.ActiveCfg = Debug|Any CPU
		{01D0D2ED-A54D-4AF4-AB66-D9F0B4447295}.Debug|Any CPU.Build.0 = Debug|Any CPU
		{01D0D2ED-A54D-4AF4-AB66-D9F0B4447295}.Release|Any CPU.ActiveCfg = Release|Any CPU
		{01D0D2ED-A54D-4AF4-AB66-D9F0B4447295}.Release|Any CPU.Build.0 = Release|Any CPU
		{50465409-8CEB-49BA-9698-9E10C6202F04}.Debug|Any CPU.ActiveCfg = Debug|Any CPU
		{50465409-8CEB-49BA-9698-9E10C6202F04}.Debug|Any CPU.Build.0 = Debug|Any CPU
		{50465409-8CEB-49BA-9698-9E10C6202F04}.Release|Any CPU.ActiveCfg = Release|Any CPU
		{50465409-8CEB-49BA-9698-9E10C6202F04}.Release|Any CPU.Build.0 = Release|Any CPU
		{A17C80DF-278B-4234-8F26-54D00C87DCF7}.Debug|Any CPU.ActiveCfg = Debug|Any CPU
		{A17C80DF-278B-4234-8F26-54D00C87DCF7}.Debug|Any CPU.Build.0 = Debug|Any CPU
		{A17C80DF-278B-4234-8F26-54D00C87DCF7}.Release|Any CPU.ActiveCfg = Release|Any CPU
		{A17C80DF-278B-4234-8F26-54D00C87DCF7}.Release|Any CPU.Build.0 = Release|Any CPU
		{EF96FF02-86FC-4A33-98F2-3F353BA858EE}.Debug|Any CPU.ActiveCfg = Debug|Any CPU
		{EF96FF02-86FC-4A33-98F2-3F353BA858EE}.Debug|Any CPU.Build.0 = Debug|Any CPU
		{EF96FF02-86FC-4A33-98F2-3F353BA858EE}.Release|Any CPU.ActiveCfg = Release|Any CPU
		{EF96FF02-86FC-4A33-98F2-3F353BA858EE}.Release|Any CPU.Build.0 = Release|Any CPU
		{B794E49A-5C04-4F33-973D-F8E375CCF6B1}.Debug|Any CPU.ActiveCfg = Debug|Any CPU
		{B794E49A-5C04-4F33-973D-F8E375CCF6B1}.Debug|Any CPU.Build.0 = Debug|Any CPU
		{B794E49A-5C04-4F33-973D-F8E375CCF6B1}.Release|Any CPU.ActiveCfg = Release|Any CPU
		{B794E49A-5C04-4F33-973D-F8E375CCF6B1}.Release|Any CPU.Build.0 = Release|Any CPU
		{82B24A02-A5AE-4980-8FC4-65321FC46607}.Debug|Any CPU.ActiveCfg = Debug|Any CPU
		{82B24A02-A5AE-4980-8FC4-65321FC46607}.Debug|Any CPU.Build.0 = Debug|Any CPU
		{82B24A02-A5AE-4980-8FC4-65321FC46607}.Release|Any CPU.ActiveCfg = Release|Any CPU
		{82B24A02-A5AE-4980-8FC4-65321FC46607}.Release|Any CPU.Build.0 = Release|Any CPU
		{1534BBE5-EF04-4FC7-A808-61175030054A}.Debug|Any CPU.ActiveCfg = Debug|Any CPU
		{1534BBE5-EF04-4FC7-A808-61175030054A}.Debug|Any CPU.Build.0 = Debug|Any CPU
		{1534BBE5-EF04-4FC7-A808-61175030054A}.Release|Any CPU.ActiveCfg = Release|Any CPU
		{1534BBE5-EF04-4FC7-A808-61175030054A}.Release|Any CPU.Build.0 = Release|Any CPU
		{D102927E-3D07-4667-B0E3-7FC7A6C90E91}.Debug|Any CPU.ActiveCfg = Debug|Any CPU
		{D102927E-3D07-4667-B0E3-7FC7A6C90E91}.Debug|Any CPU.Build.0 = Debug|Any CPU
		{D102927E-3D07-4667-B0E3-7FC7A6C90E91}.Release|Any CPU.ActiveCfg = Release|Any CPU
		{D102927E-3D07-4667-B0E3-7FC7A6C90E91}.Release|Any CPU.Build.0 = Release|Any CPU
		{5FE65372-6D91-4F22-BCAA-0D921BEDE591}.Debug|Any CPU.ActiveCfg = Debug|Any CPU
		{5FE65372-6D91-4F22-BCAA-0D921BEDE591}.Debug|Any CPU.Build.0 = Debug|Any CPU
		{5FE65372-6D91-4F22-BCAA-0D921BEDE591}.Release|Any CPU.ActiveCfg = Release|Any CPU
		{5FE65372-6D91-4F22-BCAA-0D921BEDE591}.Release|Any CPU.Build.0 = Release|Any CPU
		{B92EFE29-6DCF-495A-9A13-F90CE15E9273}.Debug|Any CPU.ActiveCfg = Debug|Any CPU
		{B92EFE29-6DCF-495A-9A13-F90CE15E9273}.Debug|Any CPU.Build.0 = Debug|Any CPU
		{B92EFE29-6DCF-495A-9A13-F90CE15E9273}.Release|Any CPU.ActiveCfg = Release|Any CPU
		{B92EFE29-6DCF-495A-9A13-F90CE15E9273}.Release|Any CPU.Build.0 = Release|Any CPU
		{40C6348E-5B30-4E33-B408-E12A6C50363D}.Debug|Any CPU.ActiveCfg = Debug|Any CPU
		{40C6348E-5B30-4E33-B408-E12A6C50363D}.Debug|Any CPU.Build.0 = Debug|Any CPU
		{40C6348E-5B30-4E33-B408-E12A6C50363D}.Release|Any CPU.ActiveCfg = Release|Any CPU
		{40C6348E-5B30-4E33-B408-E12A6C50363D}.Release|Any CPU.Build.0 = Release|Any CPU
		{43F78884-90CF-4A27-BE88-004DFCA222E7}.Debug|Any CPU.ActiveCfg = Debug|Any CPU
		{43F78884-90CF-4A27-BE88-004DFCA222E7}.Debug|Any CPU.Build.0 = Debug|Any CPU
		{43F78884-90CF-4A27-BE88-004DFCA222E7}.Release|Any CPU.ActiveCfg = Release|Any CPU
		{43F78884-90CF-4A27-BE88-004DFCA222E7}.Release|Any CPU.Build.0 = Release|Any CPU
		{780B3310-0AD2-4CA5-915A-2ECC42628244}.Debug|Any CPU.ActiveCfg = Debug|Any CPU
		{780B3310-0AD2-4CA5-915A-2ECC42628244}.Debug|Any CPU.Build.0 = Debug|Any CPU
		{780B3310-0AD2-4CA5-915A-2ECC42628244}.Release|Any CPU.ActiveCfg = Release|Any CPU
		{780B3310-0AD2-4CA5-915A-2ECC42628244}.Release|Any CPU.Build.0 = Release|Any CPU
		{8E07B268-E21E-4238-A2C2-42FF3235CEB1}.Debug|Any CPU.ActiveCfg = Debug|Any CPU
		{8E07B268-E21E-4238-A2C2-42FF3235CEB1}.Debug|Any CPU.Build.0 = Debug|Any CPU
		{8E07B268-E21E-4238-A2C2-42FF3235CEB1}.Release|Any CPU.ActiveCfg = Release|Any CPU
		{8E07B268-E21E-4238-A2C2-42FF3235CEB1}.Release|Any CPU.Build.0 = Release|Any CPU
		{64BFA6D1-A66C-4ED1-A93D-EF823990BDDD}.Debug|Any CPU.ActiveCfg = Debug|Any CPU
		{64BFA6D1-A66C-4ED1-A93D-EF823990BDDD}.Debug|Any CPU.Build.0 = Debug|Any CPU
		{64BFA6D1-A66C-4ED1-A93D-EF823990BDDD}.Release|Any CPU.ActiveCfg = Release|Any CPU
		{64BFA6D1-A66C-4ED1-A93D-EF823990BDDD}.Release|Any CPU.Build.0 = Release|Any CPU
	EndGlobalSection
	GlobalSection(SolutionProperties) = preSolution
		HideSolutionNode = FALSE
	EndGlobalSection
	GlobalSection(NestedProjects) = preSolution
		{60014662-0E56-4BFD-9F02-9C1DEE87294A} = {B6E6A486-CCBD-4AC4-B797-8F795FFC5DE4}
		{391EE042-4DB0-44C0-BC29-A9F22163B050} = {B6E6A486-CCBD-4AC4-B797-8F795FFC5DE4}
		{8F776811-0BB1-4AAF-86F4-40DDF4412E2D} = {B6E6A486-CCBD-4AC4-B797-8F795FFC5DE4}
		{C7800389-1E8E-41B0-A542-1FCCF564602D} = {B6E6A486-CCBD-4AC4-B797-8F795FFC5DE4}
		{823E835A-A8C2-4310-8E01-0FA0F3F95408} = {4C9FD22E-A00B-4646-BB4A-978E2DECA6A8}
		{01EC4818-0F8A-4895-B8B6-978CF895A4F0} = {8EC64030-D205-4AAA-9343-6A093D724068}
		{3587F642-7C98-4B5F-9988-52E7DFE8380E} = {4C9FD22E-A00B-4646-BB4A-978E2DECA6A8}
		{1D1DCBB9-250C-4A5C-A68F-EEDA3B3F2B2B} = {4C9FD22E-A00B-4646-BB4A-978E2DECA6A8}
		{71A6DCB8-74F0-4BFC-B6FF-C92BDAB1803A} = {4C9FD22E-A00B-4646-BB4A-978E2DECA6A8}
		{FDBD6AD4-B6A7-4FA9-A00E-122C2462DDBF} = {21DC4FD3-D448-4991-B0E1-42AFA1D8395C}
		{9FCDB817-5314-4DD4-BE07-6853DE3A06AC} = {21DC4FD3-D448-4991-B0E1-42AFA1D8395C}
		{329421D5-DE1A-4F1B-8298-50E8661DDD90} = {21DC4FD3-D448-4991-B0E1-42AFA1D8395C}
		{263AEFDA-1434-4B07-9D45-69C45D5420DA} = {21DC4FD3-D448-4991-B0E1-42AFA1D8395C}
		{AD4ACDF3-02D3-4995-8C1C-46FC994000CC} = {FAA97D10-E754-4C10-A3F3-205B55E05303}
		{D087B250-BB52-4865-B83A-BA62FA650DDE} = {FAA97D10-E754-4C10-A3F3-205B55E05303}
		{09BD2EF7-2799-4B8C-8C91-C8CE9E8A9601} = {FAA97D10-E754-4C10-A3F3-205B55E05303}
		{C0448EB1-28AE-438F-A5FB-97650411486B} = {55D56B2A-7779-44AB-8B36-4F235BACB380}
		{A3B659EE-0757-4B10-827E-051AD52146E8} = {55D56B2A-7779-44AB-8B36-4F235BACB380}
		{C9831803-8E66-4477-B824-1523FF0F51E8} = {55D56B2A-7779-44AB-8B36-4F235BACB380}
		{FAC9D034-52AE-4DB1-BFA0-3043C1C3FB50} = {55D56B2A-7779-44AB-8B36-4F235BACB380}
		{2B1C5F7F-0901-40C6-A78B-4F5929A0D481} = {EA84E8F4-2FD0-4C24-9EC1-52E179B83895}
		{96CF8CDF-C110-4795-8860-CE39ABFE3FF7} = {EA84E8F4-2FD0-4C24-9EC1-52E179B83895}
		{88349F8F-CA77-4038-8E9D-BF1B166B728D} = {EA84E8F4-2FD0-4C24-9EC1-52E179B83895}
		{5B59741A-B2D1-4B59-8A7A-FC2398367FEF} = {C1DBED00-C6D8-4438-8C3F-096A90D289E3}
		{9D4AC32B-61DE-4E2D-B4C7-402BE65C1E53} = {C1DBED00-C6D8-4438-8C3F-096A90D289E3}
		{91636A5D-1230-4778-86D7-8C284B7EF633} = {C1DBED00-C6D8-4438-8C3F-096A90D289E3}
		{A6646F95-9F08-42A4-B05F-2CDB83597202} = {295A0D05-31C7-4DEF-8185-788F7B770323}
		{804137A1-6CF4-4221-9FB9-359E1C023DF7} = {295A0D05-31C7-4DEF-8185-788F7B770323}
		{98D2AF87-8411-4A6B-B7B9-137B6259859A} = {295A0D05-31C7-4DEF-8185-788F7B770323}
		{8BA7CF19-DA73-4294-B1A2-7E0C0428B1F7} = {328DA1F8-87FF-4455-8DC0-1706A2144661}
		{9BCD106D-3755-4ED7-9156-7E7E71E0B245} = {328DA1F8-87FF-4455-8DC0-1706A2144661}
		{01D0D2ED-A54D-4AF4-AB66-D9F0B4447295} = {328DA1F8-87FF-4455-8DC0-1706A2144661}
		{50465409-8CEB-49BA-9698-9E10C6202F04} = {F36D7474-5EF9-4AB5-8F80-3D46F75109AA}
		{A17C80DF-278B-4234-8F26-54D00C87DCF7} = {F36D7474-5EF9-4AB5-8F80-3D46F75109AA}
		{EF96FF02-86FC-4A33-98F2-3F353BA858EE} = {F36D7474-5EF9-4AB5-8F80-3D46F75109AA}
		{B794E49A-5C04-4F33-973D-F8E375CCF6B1} = {31CFEC81-7EFB-41B7-B6E0-98F63295FDD9}
		{82B24A02-A5AE-4980-8FC4-65321FC46607} = {31CFEC81-7EFB-41B7-B6E0-98F63295FDD9}
		{1534BBE5-EF04-4FC7-A808-61175030054A} = {31CFEC81-7EFB-41B7-B6E0-98F63295FDD9}
		{D102927E-3D07-4667-B0E3-7FC7A6C90E91} = {31CFEC81-7EFB-41B7-B6E0-98F63295FDD9}
		{5FE65372-6D91-4F22-BCAA-0D921BEDE591} = {C0F10B85-A079-486E-8EE3-59C338B5ECE0}
		{B92EFE29-6DCF-495A-9A13-F90CE15E9273} = {C0F10B85-A079-486E-8EE3-59C338B5ECE0}
		{40C6348E-5B30-4E33-B408-E12A6C50363D} = {D91A4744-C118-4D8C-B73C-98CCD066C28E}
		{43F78884-90CF-4A27-BE88-004DFCA222E7} = {D91A4744-C118-4D8C-B73C-98CCD066C28E}
		{780B3310-0AD2-4CA5-915A-2ECC42628244} = {BC2EA836-C52A-4D17-B4CD-1041BF15BE72}
		{8E07B268-E21E-4238-A2C2-42FF3235CEB1} = {BC2EA836-C52A-4D17-B4CD-1041BF15BE72}
		{64BFA6D1-A66C-4ED1-A93D-EF823990BDDD} = {BC2EA836-C52A-4D17-B4CD-1041BF15BE72}
	EndGlobalSection
	GlobalSection(ExtensibilityGlobals) = postSolution
		SolutionGuid = {A0FBB6B3-5AAE-4DF4-A0A7-4755957AD656}
	EndGlobalSection
EndGlobal
