
Microsoft Visual Studio Solution File, Format Version 12.00
# Visual Studio Version 16
VisualStudioVersion = 16.0.30804.86
MinimumVisualStudioVersion = 10.0.40219.1
Project("{2150E333-8FDC-42A3-9474-1A3956D46DE8}") = "001_Classes", "001_Classes", "{B6E6A486-CCBD-4AC4-B797-8F795FFC5DE4}"
EndProject
Project("{FAE04EC0-301F-11D3-BF4B-00C04F79EFBC}") = "Rectangle", "001_Classes\Rectangle\Rectangle.csproj", "{60014662-0E56-4BFD-9F02-9C1DEE87294A}"
EndProject
Project("{FAE04EC0-301F-11D3-BF4B-00C04F79EFBC}") = "Book", "001_Classes\Book\Book.csproj", "{391EE042-4DB0-44C0-BC29-A9F22163B050}"
EndProject
Project("{FAE04EC0-301F-11D3-BF4B-00C04F79EFBC}") = "Polygon", "001_Classes\Polygon\Polygon.csproj", "{8F776811-0BB1-4AAF-86F4-40DDF4412E2D}"
EndProject
Project("{FAE04EC0-301F-11D3-BF4B-00C04F79EFBC}") = "Address", "001_Classes\Address\Address.csproj", "{C7800389-1E8E-41B0-A542-1FCCF564602D}"
EndProject
Project("{2150E333-8FDC-42A3-9474-1A3956D46DE8}") = "002_Classes", "002_Classes", "{4C9FD22E-A00B-4646-BB4A-978E2DECA6A8}"
EndProject
Project("{FAE04EC0-301F-11D3-BF4B-00C04F79EFBC}") = "User", "002_Classes\User\User.csproj", "{823E835A-A8C2-4310-8E01-0FA0F3F95408}"
EndProject
Project("{2150E333-8FDC-42A3-9474-1A3956D46DE8}") = "Shared", "Shared", "{8EC64030-D205-4AAA-9343-6A093D724068}"
EndProject
Project("{FAE04EC0-301F-11D3-BF4B-00C04F79EFBC}") = "Shared", "Shared\Shared\Shared.csproj", "{01EC4818-0F8A-4895-B8B6-978CF895A4F0}"
EndProject
Project("{FAE04EC0-301F-11D3-BF4B-00C04F79EFBC}") = "CurrencyConverter", "002_Classes\CurrencyConverter\CurrencyConverter.csproj", "{3587F642-7C98-4B5F-9988-52E7DFE8380E}"
EndProject
Project("{FAE04EC0-301F-11D3-BF4B-00C04F79EFBC}") = "SalaryTaxes", "002_Classes\SalaryTaxes\SalaryTaxes.csproj", "{1D1DCBB9-250C-4A5C-A68F-EEDA3B3F2B2B}"
EndProject
Project("{FAE04EC0-301F-11D3-BF4B-00C04F79EFBC}") = "Invoice", "002_Classes\Invoice\Invoice.csproj", "{71A6DCB8-74F0-4BFC-B6FF-C92BDAB1803A}"
EndProject
Project("{FAE04EC0-301F-11D3-BF4B-00C04F79EFBC}") = "Printer", "003_Inheritance\Printer\Printer.csproj", "{FDBD6AD4-B6A7-4FA9-A00E-122C2462DDBF}"
EndProject
Project("{2150E333-8FDC-42A3-9474-1A3956D46DE8}") = "003_Inheritance", "003_Inheritance", "{21DC4FD3-D448-4991-B0E1-42AFA1D8395C}"
EndProject
Project("{FAE04EC0-301F-11D3-BF4B-00C04F79EFBC}") = "Classroom", "003_Inheritance\Classroom\Classroom.csproj", "{9FCDB817-5314-4DD4-BE07-6853DE3A06AC}"
EndProject
Project("{FAE04EC0-301F-11D3-BF4B-00C04F79EFBC}") = "Vehicle", "003_Inheritance\Vehicle\Vehicle.csproj", "{329421D5-DE1A-4F1B-8298-50E8661DDD90}"
EndProject
Project("{FAE04EC0-301F-11D3-BF4B-00C04F79EFBC}") = "DocumentWorker", "003_Inheritance\DocumentWorker\DocumentWorker.csproj", "{263AEFDA-1434-4B07-9D45-69C45D5420DA}"
EndProject
Project("{2150E333-8FDC-42A3-9474-1A3956D46DE8}") = "004_Abstraction", "004_Abstraction", "{FAA97D10-E754-4C10-A3F3-205B55E05303}"
EndProject
Project("{FAE04EC0-301F-11D3-BF4B-00C04F79EFBC}") = "Document", "004_Abstraction\Document\Document.csproj", "{AD4ACDF3-02D3-4995-8C1C-46FC994000CC}"
EndProject
Project("{FAE04EC0-301F-11D3-BF4B-00C04F79EFBC}") = "DocumentHandler", "004_Abstraction\DocumentHandler\DocumentHandler.csproj", "{D087B250-BB52-4865-B83A-BA62FA650DDE}"
EndProject
Project("{FAE04EC0-301F-11D3-BF4B-00C04F79EFBC}") = "Player", "004_Abstraction\Player\Player.csproj", "{09BD2EF7-2799-4B8C-8C91-C8CE9E8A9601}"
EndProject
Global
	GlobalSection(SolutionConfigurationPlatforms) = preSolution
		Debug|Any CPU = Debug|Any CPU
		Release|Any CPU = Release|Any CPU
	EndGlobalSection
	GlobalSection(ProjectConfigurationPlatforms) = postSolution
		{60014662-0E56-4BFD-9F02-9C1DEE87294A}.Debug|Any CPU.ActiveCfg = Debug|Any CPU
		{60014662-0E56-4BFD-9F02-9C1DEE87294A}.Debug|Any CPU.Build.0 = Debug|Any CPU
		{60014662-0E56-4BFD-9F02-9C1DEE87294A}.Release|Any CPU.ActiveCfg = Release|Any CPU
		{60014662-0E56-4BFD-9F02-9C1DEE87294A}.Release|Any CPU.Build.0 = Release|Any CPU
		{391EE042-4DB0-44C0-BC29-A9F22163B050}.Debug|Any CPU.ActiveCfg = Debug|Any CPU
		{391EE042-4DB0-44C0-BC29-A9F22163B050}.Debug|Any CPU.Build.0 = Debug|Any CPU
		{391EE042-4DB0-44C0-BC29-A9F22163B050}.Release|Any CPU.ActiveCfg = Release|Any CPU
		{391EE042-4DB0-44C0-BC29-A9F22163B050}.Release|Any CPU.Build.0 = Release|Any CPU
		{8F776811-0BB1-4AAF-86F4-40DDF4412E2D}.Debug|Any CPU.ActiveCfg = Debug|Any CPU
		{8F776811-0BB1-4AAF-86F4-40DDF4412E2D}.Debug|Any CPU.Build.0 = Debug|Any CPU
		{8F776811-0BB1-4AAF-86F4-40DDF4412E2D}.Release|Any CPU.ActiveCfg = Release|Any CPU
		{8F776811-0BB1-4AAF-86F4-40DDF4412E2D}.Release|Any CPU.Build.0 = Release|Any CPU
		{C7800389-1E8E-41B0-A542-1FCCF564602D}.Debug|Any CPU.ActiveCfg = Debug|Any CPU
		{C7800389-1E8E-41B0-A542-1FCCF564602D}.Debug|Any CPU.Build.0 = Debug|Any CPU
		{C7800389-1E8E-41B0-A542-1FCCF564602D}.Release|Any CPU.ActiveCfg = Release|Any CPU
		{C7800389-1E8E-41B0-A542-1FCCF564602D}.Release|Any CPU.Build.0 = Release|Any CPU
		{823E835A-A8C2-4310-8E01-0FA0F3F95408}.Debug|Any CPU.ActiveCfg = Debug|Any CPU
		{823E835A-A8C2-4310-8E01-0FA0F3F95408}.Debug|Any CPU.Build.0 = Debug|Any CPU
		{823E835A-A8C2-4310-8E01-0FA0F3F95408}.Release|Any CPU.ActiveCfg = Release|Any CPU
		{823E835A-A8C2-4310-8E01-0FA0F3F95408}.Release|Any CPU.Build.0 = Release|Any CPU
		{01EC4818-0F8A-4895-B8B6-978CF895A4F0}.Debug|Any CPU.ActiveCfg = Debug|Any CPU
		{01EC4818-0F8A-4895-B8B6-978CF895A4F0}.Debug|Any CPU.Build.0 = Debug|Any CPU
		{01EC4818-0F8A-4895-B8B6-978CF895A4F0}.Release|Any CPU.ActiveCfg = Release|Any CPU
		{01EC4818-0F8A-4895-B8B6-978CF895A4F0}.Release|Any CPU.Build.0 = Release|Any CPU
		{3587F642-7C98-4B5F-9988-52E7DFE8380E}.Debug|Any CPU.ActiveCfg = Debug|Any CPU
		{3587F642-7C98-4B5F-9988-52E7DFE8380E}.Debug|Any CPU.Build.0 = Debug|Any CPU
		{3587F642-7C98-4B5F-9988-52E7DFE8380E}.Release|Any CPU.ActiveCfg = Release|Any CPU
		{3587F642-7C98-4B5F-9988-52E7DFE8380E}.Release|Any CPU.Build.0 = Release|Any CPU
		{1D1DCBB9-250C-4A5C-A68F-EEDA3B3F2B2B}.Debug|Any CPU.ActiveCfg = Debug|Any CPU
		{1D1DCBB9-250C-4A5C-A68F-EEDA3B3F2B2B}.Debug|Any CPU.Build.0 = Debug|Any CPU
		{1D1DCBB9-250C-4A5C-A68F-EEDA3B3F2B2B}.Release|Any CPU.ActiveCfg = Release|Any CPU
		{1D1DCBB9-250C-4A5C-A68F-EEDA3B3F2B2B}.Release|Any CPU.Build.0 = Release|Any CPU
		{71A6DCB8-74F0-4BFC-B6FF-C92BDAB1803A}.Debug|Any CPU.ActiveCfg = Debug|Any CPU
		{71A6DCB8-74F0-4BFC-B6FF-C92BDAB1803A}.Debug|Any CPU.Build.0 = Debug|Any CPU
		{71A6DCB8-74F0-4BFC-B6FF-C92BDAB1803A}.Release|Any CPU.ActiveCfg = Release|Any CPU
		{71A6DCB8-74F0-4BFC-B6FF-C92BDAB1803A}.Release|Any CPU.Build.0 = Release|Any CPU
		{FDBD6AD4-B6A7-4FA9-A00E-122C2462DDBF}.Debug|Any CPU.ActiveCfg = Debug|Any CPU
		{FDBD6AD4-B6A7-4FA9-A00E-122C2462DDBF}.Debug|Any CPU.Build.0 = Debug|Any CPU
		{FDBD6AD4-B6A7-4FA9-A00E-122C2462DDBF}.Release|Any CPU.ActiveCfg = Release|Any CPU
		{FDBD6AD4-B6A7-4FA9-A00E-122C2462DDBF}.Release|Any CPU.Build.0 = Release|Any CPU
		{9FCDB817-5314-4DD4-BE07-6853DE3A06AC}.Debug|Any CPU.ActiveCfg = Debug|Any CPU
		{9FCDB817-5314-4DD4-BE07-6853DE3A06AC}.Debug|Any CPU.Build.0 = Debug|Any CPU
		{9FCDB817-5314-4DD4-BE07-6853DE3A06AC}.Release|Any CPU.ActiveCfg = Release|Any CPU
		{9FCDB817-5314-4DD4-BE07-6853DE3A06AC}.Release|Any CPU.Build.0 = Release|Any CPU
		{329421D5-DE1A-4F1B-8298-50E8661DDD90}.Debug|Any CPU.ActiveCfg = Debug|Any CPU
		{329421D5-DE1A-4F1B-8298-50E8661DDD90}.Debug|Any CPU.Build.0 = Debug|Any CPU
		{329421D5-DE1A-4F1B-8298-50E8661DDD90}.Release|Any CPU.ActiveCfg = Release|Any CPU
		{329421D5-DE1A-4F1B-8298-50E8661DDD90}.Release|Any CPU.Build.0 = Release|Any CPU
		{263AEFDA-1434-4B07-9D45-69C45D5420DA}.Debug|Any CPU.ActiveCfg = Debug|Any CPU
		{263AEFDA-1434-4B07-9D45-69C45D5420DA}.Debug|Any CPU.Build.0 = Debug|Any CPU
		{263AEFDA-1434-4B07-9D45-69C45D5420DA}.Release|Any CPU.ActiveCfg = Release|Any CPU
		{263AEFDA-1434-4B07-9D45-69C45D5420DA}.Release|Any CPU.Build.0 = Release|Any CPU
		{AD4ACDF3-02D3-4995-8C1C-46FC994000CC}.Debug|Any CPU.ActiveCfg = Debug|Any CPU
		{AD4ACDF3-02D3-4995-8C1C-46FC994000CC}.Debug|Any CPU.Build.0 = Debug|Any CPU
		{AD4ACDF3-02D3-4995-8C1C-46FC994000CC}.Release|Any CPU.ActiveCfg = Release|Any CPU
		{AD4ACDF3-02D3-4995-8C1C-46FC994000CC}.Release|Any CPU.Build.0 = Release|Any CPU
		{D087B250-BB52-4865-B83A-BA62FA650DDE}.Debug|Any CPU.ActiveCfg = Debug|Any CPU
		{D087B250-BB52-4865-B83A-BA62FA650DDE}.Debug|Any CPU.Build.0 = Debug|Any CPU
		{D087B250-BB52-4865-B83A-BA62FA650DDE}.Release|Any CPU.ActiveCfg = Release|Any CPU
		{D087B250-BB52-4865-B83A-BA62FA650DDE}.Release|Any CPU.Build.0 = Release|Any CPU
		{09BD2EF7-2799-4B8C-8C91-C8CE9E8A9601}.Debug|Any CPU.ActiveCfg = Debug|Any CPU
		{09BD2EF7-2799-4B8C-8C91-C8CE9E8A9601}.Debug|Any CPU.Build.0 = Debug|Any CPU
		{09BD2EF7-2799-4B8C-8C91-C8CE9E8A9601}.Release|Any CPU.ActiveCfg = Release|Any CPU
		{09BD2EF7-2799-4B8C-8C91-C8CE9E8A9601}.Release|Any CPU.Build.0 = Release|Any CPU
	EndGlobalSection
	GlobalSection(SolutionProperties) = preSolution
		HideSolutionNode = FALSE
	EndGlobalSection
	GlobalSection(NestedProjects) = preSolution
		{60014662-0E56-4BFD-9F02-9C1DEE87294A} = {B6E6A486-CCBD-4AC4-B797-8F795FFC5DE4}
		{391EE042-4DB0-44C0-BC29-A9F22163B050} = {B6E6A486-CCBD-4AC4-B797-8F795FFC5DE4}
		{8F776811-0BB1-4AAF-86F4-40DDF4412E2D} = {B6E6A486-CCBD-4AC4-B797-8F795FFC5DE4}
		{C7800389-1E8E-41B0-A542-1FCCF564602D} = {B6E6A486-CCBD-4AC4-B797-8F795FFC5DE4}
		{823E835A-A8C2-4310-8E01-0FA0F3F95408} = {4C9FD22E-A00B-4646-BB4A-978E2DECA6A8}
		{01EC4818-0F8A-4895-B8B6-978CF895A4F0} = {8EC64030-D205-4AAA-9343-6A093D724068}
		{3587F642-7C98-4B5F-9988-52E7DFE8380E} = {4C9FD22E-A00B-4646-BB4A-978E2DECA6A8}
		{1D1DCBB9-250C-4A5C-A68F-EEDA3B3F2B2B} = {4C9FD22E-A00B-4646-BB4A-978E2DECA6A8}
		{71A6DCB8-74F0-4BFC-B6FF-C92BDAB1803A} = {4C9FD22E-A00B-4646-BB4A-978E2DECA6A8}
		{FDBD6AD4-B6A7-4FA9-A00E-122C2462DDBF} = {21DC4FD3-D448-4991-B0E1-42AFA1D8395C}
		{9FCDB817-5314-4DD4-BE07-6853DE3A06AC} = {21DC4FD3-D448-4991-B0E1-42AFA1D8395C}
		{329421D5-DE1A-4F1B-8298-50E8661DDD90} = {21DC4FD3-D448-4991-B0E1-42AFA1D8395C}
		{263AEFDA-1434-4B07-9D45-69C45D5420DA} = {21DC4FD3-D448-4991-B0E1-42AFA1D8395C}
		{AD4ACDF3-02D3-4995-8C1C-46FC994000CC} = {FAA97D10-E754-4C10-A3F3-205B55E05303}
		{D087B250-BB52-4865-B83A-BA62FA650DDE} = {FAA97D10-E754-4C10-A3F3-205B55E05303}
		{09BD2EF7-2799-4B8C-8C91-C8CE9E8A9601} = {FAA97D10-E754-4C10-A3F3-205B55E05303}
	EndGlobalSection
	GlobalSection(ExtensibilityGlobals) = postSolution
		SolutionGuid = {A0FBB6B3-5AAE-4DF4-A0A7-4755957AD656}
	EndGlobalSection
EndGlobal
